
Microsoft Visual Studio Solution File, Format Version 12.00
# Visual Studio Version 17
VisualStudioVersion = 17.5.33502.453
MinimumVisualStudioVersion = 10.0.40219.1
Project("{FAE04EC0-301F-11D3-BF4B-00C04F79EFBC}") = "CH06_UnitTesting", "CH06_UnitTesting\CH06_UnitTesting.csproj", "{D4DF5F82-9AD0-4AB2-93E9-C29AC9B1B6D7}"
EndProject
Project("{FAE04EC0-301F-11D3-BF4B-00C04F79EFBC}") = "CH06_UnitTesting.NUnit.Tests", "CH06_UnitTesting.NUnit.Tests\CH06_UnitTesting.NUnit.Tests.csproj", "{B5DE7AC3-F88F-4CE3-B2E4-1828EE41410B}"
EndProject
Project("{FAE04EC0-301F-11D3-BF4B-00C04F79EFBC}") = "CH06_UnitTesting.MSTest.Tests", "CH06_UnitTesting.MSTest.Tests\CH06_UnitTesting.MSTest.Tests.csproj", "{F7017390-B13D-4B47-A84A-D34DCA11EBD5}"
EndProject
Project("{FAE04EC0-301F-11D3-BF4B-00C04F79EFBC}") = "CH06_UnitTesting.xUnit.Tests", "CH06_UnitTesting.xUnit.Tests\CH06_UnitTesting.xUnit.Tests.csproj", "{67810E3E-AE11-4065-A5AC-10CA0701BC5B}"
EndProject
Global
	GlobalSection(SolutionConfigurationPlatforms) = preSolution
		Debug|Any CPU = Debug|Any CPU
		Release|Any CPU = Release|Any CPU
	EndGlobalSection
	GlobalSection(ProjectConfigurationPlatforms) = postSolution
		{D4DF5F82-9AD0-4AB2-93E9-C29AC9B1B6D7}.Debug|Any CPU.ActiveCfg = Debug|Any CPU
		{D4DF5F82-9AD0-4AB2-93E9-C29AC9B1B6D7}.Debug|Any CPU.Build.0 = Debug|Any CPU
		{D4DF5F82-9AD0-4AB2-93E9-C29AC9B1B6D7}.Release|Any CPU.ActiveCfg = Release|Any CPU
		{D4DF5F82-9AD0-4AB2-93E9-C29AC9B1B6D7}.Release|Any CPU.Build.0 = Release|Any CPU
		{B5DE7AC3-F88F-4CE3-B2E4-1828EE41410B}.Debug|Any CPU.ActiveCfg = Debug|Any CPU
		{B5DE7AC3-F88F-4CE3-B2E4-1828EE41410B}.Debug|Any CPU.Build.0 = Debug|Any CPU
		{B5DE7AC3-F88F-4CE3-B2E4-1828EE41410B}.Release|Any CPU.ActiveCfg = Release|Any CPU
		{B5DE7AC3-F88F-4CE3-B2E4-1828EE41410B}.Release|Any CPU.Build.0 = Release|Any CPU
		{F7017390-B13D-4B47-A84A-D34DCA11EBD5}.Debug|Any CPU.ActiveCfg = Debug|Any CPU
		{F7017390-B13D-4B47-A84A-D34DCA11EBD5}.Debug|Any CPU.Build.0 = Debug|Any CPU
		{F7017390-B13D-4B47-A84A-D34DCA11EBD5}.Release|Any CPU.ActiveCfg = Release|Any CPU
		{F7017390-B13D-4B47-A84A-D34DCA11EBD5}.Release|Any CPU.Build.0 = Release|Any CPU
		{67810E3E-AE11-4065-A5AC-10CA0701BC5B}.Debug|Any CPU.ActiveCfg = Debug|Any CPU
		{67810E3E-AE11-4065-A5AC-10CA0701BC5B}.Debug|Any CPU.Build.0 = Debug|Any CPU
		{67810E3E-AE11-4065-A5AC-10CA0701BC5B}.Release|Any CPU.ActiveCfg = Release|Any CPU
		{67810E3E-AE11-4065-A5AC-10CA0701BC5B}.Release|Any CPU.Build.0 = Release|Any CPU
	EndGlobalSection
	GlobalSection(SolutionProperties) = preSolution
		HideSolutionNode = FALSE
	EndGlobalSection
	GlobalSection(ExtensibilityGlobals) = postSolution
		SolutionGuid = {10DAEE6A-9E0F-4F73-8F7F-DA47694DA0AE}
	EndGlobalSection
EndGlobal
