
Microsoft Visual Studio Solution File, Format Version 12.00
# Visual Studio Version 17
VisualStudioVersion = 17.6.33723.286
MinimumVisualStudioVersion = 10.0.40219.1
Project("{9A19103F-16F7-4668-BE54-9A1E7A4F7556}") = "CH09_AopWithPostSharp", "CH09_AopWithPostSharp\CH09_AopWithPostSharp.csproj", "{DA8D60EC-041C-4AD3-939B-A1715E166EE6}"
EndProject
Project("{9A19103F-16F7-4668-BE54-9A1E7A4F7556}") = "CrossCuttingConcerns", "CrossCuttingConcerns\CrossCuttingConcerns.csproj", "{B03FA157-1D76-4322-917F-1B67F9DDA409}"
EndProject
Project("{9A19103F-16F7-4668-BE54-9A1E7A4F7556}") = "TestHarness", "TestHarness\TestHarness.csproj", "{F12E1EFF-A008-4DA1-A094-BB944511A67F}"
EndProject
Project("{FAE04EC0-301F-11D3-BF4B-00C04F79EFBC}") = "CH09_AopWithCastleDynamicProxy", "CH09_AopWithCastleDynamicProxy\CH09_AopWithCastleDynamicProxy.csproj", "{11869876-9BB9-4BE8-8888-6528317783CE}"
EndProject
Global
	GlobalSection(SolutionConfigurationPlatforms) = preSolution
		Debug|Any CPU = Debug|Any CPU
		Release|Any CPU = Release|Any CPU
	EndGlobalSection
	GlobalSection(ProjectConfigurationPlatforms) = postSolution
		{DA8D60EC-041C-4AD3-939B-A1715E166EE6}.Debug|Any CPU.ActiveCfg = Debug|Any CPU
		{DA8D60EC-041C-4AD3-939B-A1715E166EE6}.Debug|Any CPU.Build.0 = Debug|Any CPU
		{DA8D60EC-041C-4AD3-939B-A1715E166EE6}.Release|Any CPU.ActiveCfg = Release|Any CPU
		{DA8D60EC-041C-4AD3-939B-A1715E166EE6}.Release|Any CPU.Build.0 = Release|Any CPU
		{B03FA157-1D76-4322-917F-1B67F9DDA409}.Debug|Any CPU.ActiveCfg = Debug|Any CPU
		{B03FA157-1D76-4322-917F-1B67F9DDA409}.Debug|Any CPU.Build.0 = Debug|Any CPU
		{B03FA157-1D76-4322-917F-1B67F9DDA409}.Release|Any CPU.ActiveCfg = Release|Any CPU
		{B03FA157-1D76-4322-917F-1B67F9DDA409}.Release|Any CPU.Build.0 = Release|Any CPU
		{F12E1EFF-A008-4DA1-A094-BB944511A67F}.Debug|Any CPU.ActiveCfg = Debug|Any CPU
		{F12E1EFF-A008-4DA1-A094-BB944511A67F}.Debug|Any CPU.Build.0 = Debug|Any CPU
		{F12E1EFF-A008-4DA1-A094-BB944511A67F}.Release|Any CPU.ActiveCfg = Release|Any CPU
		{F12E1EFF-A008-4DA1-A094-BB944511A67F}.Release|Any CPU.Build.0 = Release|Any CPU
		{11869876-9BB9-4BE8-8888-6528317783CE}.Debug|Any CPU.ActiveCfg = Debug|Any CPU
		{11869876-9BB9-4BE8-8888-6528317783CE}.Debug|Any CPU.Build.0 = Debug|Any CPU
		{11869876-9BB9-4BE8-8888-6528317783CE}.Release|Any CPU.ActiveCfg = Release|Any CPU
		{11869876-9BB9-4BE8-8888-6528317783CE}.Release|Any CPU.Build.0 = Release|Any CPU
	EndGlobalSection
	GlobalSection(SolutionProperties) = preSolution
		HideSolutionNode = FALSE
	EndGlobalSection
	GlobalSection(ExtensibilityGlobals) = postSolution
		SolutionGuid = {399BCCF7-01D1-4F44-B205-533D4AA383C3}
	EndGlobalSection
EndGlobal
