
Microsoft Visual Studio Solution File, Format Version 12.00
# Visual Studio Version 17
VisualStudioVersion = 17.5.33502.453
MinimumVisualStudioVersion = 10.0.40219.1
Project("{FAE04EC0-301F-11D3-BF4B-00C04F79EFBC}") = "CH5_ExceptionHandling", "CH5_ExceptionHandling\CH5_ExceptionHandling.csproj", "{43CFBA82-4557-4CFF-8565-AFBD1690185F}"
EndProject
Project("{FAE04EC0-301F-11D3-BF4B-00C04F79EFBC}") = "CH5_ExceptionHandling.Tests", "CH5_ExceptionHandling.Tests\CH5_ExceptionHandling.Tests.csproj", "{DB1ADBF8-C98C-4E17-BF1D-6DF09DAEC77F}"
EndProject
Global
	GlobalSection(SolutionConfigurationPlatforms) = preSolution
		Debug|Any CPU = Debug|Any CPU
		Release|Any CPU = Release|Any CPU
	EndGlobalSection
	GlobalSection(ProjectConfigurationPlatforms) = postSolution
		{43CFBA82-4557-4CFF-8565-AFBD1690185F}.Debug|Any CPU.ActiveCfg = Debug|Any CPU
		{43CFBA82-4557-4CFF-8565-AFBD1690185F}.Debug|Any CPU.Build.0 = Debug|Any CPU
		{43CFBA82-4557-4CFF-8565-AFBD1690185F}.Release|Any CPU.ActiveCfg = Release|Any CPU
		{43CFBA82-4557-4CFF-8565-AFBD1690185F}.Release|Any CPU.Build.0 = Release|Any CPU
		{DB1ADBF8-C98C-4E17-BF1D-6DF09DAEC77F}.Debug|Any CPU.ActiveCfg = Debug|Any CPU
		{DB1ADBF8-C98C-4E17-BF1D-6DF09DAEC77F}.Debug|Any CPU.Build.0 = Debug|Any CPU
		{DB1ADBF8-C98C-4E17-BF1D-6DF09DAEC77F}.Release|Any CPU.ActiveCfg = Release|Any CPU
		{DB1ADBF8-C98C-4E17-BF1D-6DF09DAEC77F}.Release|Any CPU.Build.0 = Release|Any CPU
	EndGlobalSection
	GlobalSection(SolutionProperties) = preSolution
		HideSolutionNode = FALSE
	EndGlobalSection
	GlobalSection(ExtensibilityGlobals) = postSolution
		SolutionGuid = {AB9BF840-1C2B-4353-861F-921146CC0658}
	EndGlobalSection
EndGlobal
