
Microsoft Visual Studio Solution File, Format Version 12.00
# Visual Studio Version 17
VisualStudioVersion = 17.4.33213.308
MinimumVisualStudioVersion = 10.0.40219.1
Project("{9A19103F-16F7-4668-BE54-9A1E7A4F7556}") = "CH4", "CH4.csproj", "{3E9146EB-644D-4961-A43D-4CFA2FCE3493}"
EndProject
Global
	GlobalSection(SolutionConfigurationPlatforms) = preSolution
		Debug|Any CPU = Debug|Any CPU
		Release|Any CPU = Release|Any CPU
	EndGlobalSection
	GlobalSection(ProjectConfigurationPlatforms) = postSolution
		{3E9146EB-644D-4961-A43D-4CFA2FCE3493}.Debug|Any CPU.ActiveCfg = Debug|Any CPU
		{3E9146EB-644D-4961-A43D-4CFA2FCE3493}.Debug|Any CPU.Build.0 = Debug|Any CPU
		{3E9146EB-644D-4961-A43D-4CFA2FCE3493}.Release|Any CPU.ActiveCfg = Release|Any CPU
		{3E9146EB-644D-4961-A43D-4CFA2FCE3493}.Release|Any CPU.Build.0 = Release|Any CPU
	EndGlobalSection
	GlobalSection(SolutionProperties) = preSolution
		HideSolutionNode = FALSE
	EndGlobalSection
	GlobalSection(ExtensibilityGlobals) = postSolution
		SolutionGuid = {C4DC6F16-7E4A-419E-AAC7-D9AD80130A91}
	EndGlobalSection
EndGlobal
